# THIS IS AN AUTOGENERATED FILE. DO NOT EDIT THIS FILE DIRECTLY.
# yarn lockfile v1


clsx@^1.2.1:
  version "1.2.1"
  resolved "https://registry.yarnpkg.com/clsx/-/clsx-1.2.1.tgz#0ddc4a20a549b59c93a4116bb26f5294ca17dc12"
  integrity sha512-EcR6r5a8bj6pu3ycsa/E/cKVGuTgZJZdsyUYHOksG/UHIiKfjxzRxYJpyVBwYaQeOvghal9fcc4PidlgzugAQg==

emoji-picker-react@^4.4.7:
  version "4.4.7"
  resolved "https://registry.yarnpkg.com/emoji-picker-react/-/emoji-picker-react-4.4.7.tgz#faff798cf7acad41c5eb6b103c93480e777f2222"
  integrity sha512-HcB1Fr57W6M+gLLm/W4YhbAnUQqYBUAhZBOHmPlSQODLtsDI8vecyqNIF9RrStZHfZwzUSLlpZMfY07AA6gxmA==
  dependencies:
    clsx "^1.2.1"

react-icons@^4.7.1:
  version "4.7.1"
  resolved "https://registry.yarnpkg.com/react-icons/-/react-icons-4.7.1.tgz#0f4b25a5694e6972677cb189d2a72eabea7a8345"
  integrity sha512-yHd3oKGMgm7zxo3EA7H2n7vxSoiGmHk5t6Ou4bXsfcgWyhfDKMpyKfhHR6Bjnn63c+YXBLBPUql9H4wPJM6sXw==
